// !$*UTF8*$!
{
	archiveVersion = 1;
	classes = {
	};
	objectVersion = 46;
	objects = {

/* Begin PBXBuildFile section */
		E24B03011E4C639F00E02901 /* AppDelegate.swift in Sources */ = {isa = PBXBuildFile; fileRef = E24B03001E4C639F00E02901 /* AppDelegate.swift */; };
		E24B03031E4C639F00E02901 /* ViewController.swift in Sources */ = {isa = PBXBuildFile; fileRef = E24B03021E4C639F00E02901 /* ViewController.swift */; };
		E24B03061E4C639F00E02901 /* Main.storyboard in Resources */ = {isa = PBXBuildFile; fileRef = E24B03041E4C639F00E02901 /* Main.storyboard */; };
		E24B03081E4C639F00E02901 /* Assets.xcassets in Resources */ = {isa = PBXBuildFile; fileRef = E24B03071E4C639F00E02901 /* Assets.xcassets */; };
		E24B030B1E4C639F00E02901 /* LaunchScreen.storyboard in Resources */ = {isa = PBXBuildFile; fileRef = E24B03091E4C639F00E02901 /* LaunchScreen.storyboard */; };
		E24B03131E4C65F100E02901 /* SideMenuAnimation.swift in Sources */ = {isa = PBXBuildFile; fileRef = E24B03121E4C65F100E02901 /* SideMenuAnimation.swift */; };
		E24B03171E4DBABE00E02901 /* SideMenuViewController.swift in Sources */ = {isa = PBXBuildFile; fileRef = E24B03161E4DBABE00E02901 /* SideMenuViewController.swift */; };
		E24B03191E4DBF2000E02901 /* RootViewController.swift in Sources */ = {isa = PBXBuildFile; fileRef = E24B03181E4DBF2000E02901 /* RootViewController.swift */; };
/* End PBXBuildFile section */

/* Begin PBXFileReference section */
		E24B02FD1E4C639F00E02901 /* SideMenuAnimation.app */ = {isa = PBXFileReference; explicitFileType = wrapper.application; includeInIndex = 0; path = SideMenuAnimation.app; sourceTree = BUILT_PRODUCTS_DIR; };
		E24B03001E4C639F00E02901 /* AppDelegate.swift */ = {isa = PBXFileReference; lastKnownFileType = sourcecode.swift; path = AppDelegate.swift; sourceTree = "<group>"; };
		E24B03021E4C639F00E02901 /* ViewController.swift */ = {isa = PBXFileReference; lastKnownFileType = sourcecode.swift; path = ViewController.swift; sourceTree = "<group>"; };
		E24B03051E4C639F00E02901 /* Base */ = {isa = PBXFileReference; lastKnownFileType = file.storyboard; name = Base; path = Base.lproj/Main.storyboard; sourceTree = "<group>"; };
		E24B03071E4C639F00E02901 /* Assets.xcassets */ = {isa = PBXFileReference; lastKnownFileType = folder.assetcatalog; path = Assets.xcassets; sourceTree = "<group>"; };
		E24B030A1E4C639F00E02901 /* Base */ = {isa = PBXFileReference; lastKnownFileType = file.storyboard; name = Base; path = Base.lproj/LaunchScreen.storyboard; sourceTree = "<group>"; };
		E24B030C1E4C639F00E02901 /* Info.plist */ = {isa = PBXFileReference; lastKnownFileType = text.plist.xml; path = Info.plist; sourceTree = "<group>"; };
		E24B03121E4C65F100E02901 /* SideMenuAnimation.swift */ = {isa = PBXFileReference; fileEncoding = 4; lastKnownFileType = sourcecode.swift; path = SideMenuAnimation.swift; sourceTree = "<group>"; };
		E24B03161E4DBABE00E02901 /* SideMenuViewController.swift */ = {isa = PBXFileReference; fileEncoding = 4; lastKnownFileType = sourcecode.swift; path = SideMenuViewController.swift; sourceTree = "<group>"; };
		E24B03181E4DBF2000E02901 /* RootViewController.swift */ = {isa = PBXFileReference; fileEncoding = 4; lastKnownFileType = sourcecode.swift; path = RootViewController.swift; sourceTree = "<group>"; };
/* End PBXFileReference section */

/* Begin PBXFrameworksBuildPhase section */
		E24B02FA1E4C639F00E02901 /* Frameworks */ = {
			isa = PBXFrameworksBuildPhase;
			buildActionMask = 2147483647;
			files = (
			);
			runOnlyForDeploymentPostprocessing = 0;
		};
/* End PBXFrameworksBuildPhase section */

/* Begin PBXGroup section */
		E24B02F41E4C639F00E02901 = {
			isa = PBXGroup;
			children = (
				E24B02FF1E4C639F00E02901 /* SideMenuAnimation */,
				E24B02FE1E4C639F00E02901 /* Products */,
			);
			sourceTree = "<group>";
		};
		E24B02FE1E4C639F00E02901 /* Products */ = {
			isa = PBXGroup;
			children = (
				E24B02FD1E4C639F00E02901 /* SideMenuAnimation.app */,
			);
			name = Products;
			sourceTree = "<group>";
		};
		E24B02FF1E4C639F00E02901 /* SideMenuAnimation */ = {
			isa = PBXGroup;
			children = (
				E24B03001E4C639F00E02901 /* AppDelegate.swift */,
				E24B03021E4C639F00E02901 /* ViewController.swift */,
				E24B03121E4C65F100E02901 /* SideMenuAnimation.swift */,
				E24B03161E4DBABE00E02901 /* SideMenuViewController.swift */,
				E24B03181E4DBF2000E02901 /* RootViewController.swift */,
				E24B03041E4C639F00E02901 /* Main.storyboard */,
				E24B03071E4C639F00E02901 /* Assets.xcassets */,
				E24B03091E4C639F00E02901 /* LaunchScreen.storyboard */,
				E24B030C1E4C639F00E02901 /* Info.plist */,
			);
			path = SideMenuAnimation;
			sourceTree = "<group>";
		};
/* End PBXGroup section */

/* Begin PBXNativeTarget section */
		E24B02FC1E4C639F00E02901 /* SideMenuAnimation */ = {
			isa = PBXNativeTarget;
			buildConfigurationList = E24B030F1E4C639F00E02901 /* Build configuration list for PBXNativeTarget "SideMenuAnimation" */;
			buildPhases = (
				E24B02F91E4C639F00E02901 /* Sources */,
				E24B02FA1E4C639F00E02901 /* Frameworks */,
				E24B02FB1E4C639F00E02901 /* Resources */,
			);
			buildRules = (
			);
			dependencies = (
			);
			name = SideMenuAnimation;
			productName = SideMenuAnimation;
			productReference = E24B02FD1E4C639F00E02901 /* SideMenuAnimation.app */;
			productType = "com.apple.product-type.application";
		};
/* End PBXNativeTarget section */

/* Begin PBXProject section */
		E24B02F51E4C639F00E02901 /* Project object */ = {
			isa = PBXProject;
			attributes = {
				LastSwiftUpdateCheck = 0820;
				LastUpgradeCheck = 0820;
				ORGANIZATIONNAME = Daisy;
				TargetAttributes = {
					E24B02FC1E4C639F00E02901 = {
						CreatedOnToolsVersion = 8.2;
						DevelopmentTeam = E32U3PTK6L;
						ProvisioningStyle = Automatic;
					};
				};
			};
			buildConfigurationList = E24B02F81E4C639F00E02901 /* Build configuration list for PBXProject "SideMenuAnimation" */;
			compatibilityVersion = "Xcode 3.2";
			developmentRegion = English;
			hasScannedForEncodings = 0;
			knownRegions = (
				en,
				Base,
			);
			mainGroup = E24B02F41E4C639F00E02901;
			productRefGroup = E24B02FE1E4C639F00E02901 /* Products */;
			projectDirPath = "";
			projectRoot = "";
			targets = (
				E24B02FC1E4C639F00E02901 /* SideMenuAnimation */,
			);
		};
/* End PBXProject section */

/* Begin PBXResourcesBuildPhase section */
		E24B02FB1E4C639F00E02901 /* Resources */ = {
			isa = PBXResourcesBuildPhase;
			buildActionMask = 2147483647;
			files = (
				E24B030B1E4C639F00E02901 /* LaunchScreen.storyboard in Resources */,
				E24B03081E4C639F00E02901 /* Assets.xcassets in Resources */,
				E24B03061E4C639F00E02901 /* Main.storyboard in Resources */,
			);
			runOnlyForDeploymentPostprocessing = 0;
		};
/* End PBXResourcesBuildPhase section */

/* Begin PBXSourcesBuildPhase section */
		E24B02F91E4C639F00E02901 /* Sources */ = {
			isa = PBXSourcesBuildPhase;
			buildActionMask = 2147483647;
			files = (
				E24B03031E4C639F00E02901 /* ViewController.swift in Sources */,
				E24B03191E4DBF2000E02901 /* RootViewController.swift in Sources */,
				E24B03131E4C65F100E02901 /* SideMenuAnimation.swift in Sources */,
				E24B03171E4DBABE00E02901 /* SideMenuViewController.swift in Sources */,
				E24B03011E4C639F00E02901 /* AppDelegate.swift in Sources */,
			);
			runOnlyForDeploymentPostprocessing = 0;
		};
/* End PBXSourcesBuildPhase section */

/* Begin PBXVariantGroup section */
		E24B03041E4C639F00E02901 /* Main.storyboard */ = {
			isa = PBXVariantGroup;
			children = (
				E24B03051E4C639F00E02901 /* Base */,
			);
			name = Main.storyboard;
			sourceTree = "<group>";
		};
		E24B03091E4C639F00E02901 /* LaunchScreen.storyboard */ = {
			isa = PBXVariantGroup;
			children = (
				E24B030A1E4C639F00E02901 /* Base */,
			);
			name = LaunchScreen.storyboard;
			sourceTree = "<group>";
		};
/* End PBXVariantGroup section */

/* Begin XCBuildConfiguration section */
		E24B030D1E4C639F00E02901 /* Debug */ = {
			isa = XCBuildConfiguration;
			buildSettings = {
				ALWAYS_SEARCH_USER_PATHS = NO;
				CLANG_ANALYZER_NONNULL = YES;
				CLANG_CXX_LANGUAGE_STANDARD = "gnu++0x";
				CLANG_CXX_LIBRARY = "libc++";
				CLANG_ENABLE_MODULES = YES;
				CLANG_ENABLE_OBJC_ARC = YES;
				CLANG_WARN_BOOL_CONVERSION = YES;
				CLANG_WARN_CONSTANT_CONVERSION = YES;
				CLANG_WARN_DIRECT_OBJC_ISA_USAGE = YES_ERROR;
				CLANG_WARN_DOCUMENTATION_COMMENTS = YES;
				CLANG_WARN_EMPTY_BODY = YES;
				CLANG_WARN_ENUM_CONVERSION = YES;
				CLANG_WARN_INFINITE_RECURSION = YES;
				CLANG_WARN_INT_CONVERSION = YES;
				CLANG_WARN_OBJC_ROOT_CLASS = YES_ERROR;
				CLANG_WARN_SUSPICIOUS_MOVE = YES;
				CLANG_WARN_UNREACHABLE_CODE = YES;
				CLANG_WARN__DUPLICATE_METHOD_MATCH = YES;
				"CODE_SIGN_IDENTITY[sdk=iphoneos*]" = "iPhone Developer";
				COPY_PHASE_STRIP = NO;
				DEBUG_INFORMATION_FORMAT = dwarf;
				ENABLE_STRICT_OBJC_MSGSEND = YES;
				ENABLE_TESTABILITY = YES;
				GCC_C_LANGUAGE_STANDARD = gnu99;
				GCC_DYNAMIC_NO_PIC = NO;
				GCC_NO_COMMON_BLOCKS = YES;
				GCC_OPTIMIZATION_LEVEL = 0;
				GCC_PREPROCESSOR_DEFINITIONS = (
					"DEBUG=1",
					"$(inherited)",
				);
				GCC_WARN_64_TO_32_BIT_CONVERSION = YES;
				GCC_WARN_ABOUT_RETURN_TYPE = YES_ERROR;
				GCC_WARN_UNDECLARED_SELECTOR = YES;
				GCC_WARN_UNINITIALIZED_AUTOS = YES_AGGRESSIVE;
				GCC_WARN_UNUSED_FUNCTION = YES;
				GCC_WARN_UNUSED_VARIABLE = YES;
				IPHONEOS_DEPLOYMENT_TARGET = 10.2;
				MTL_ENABLE_DEBUG_INFO = YES;
				ONLY_ACTIVE_ARCH = YES;
				SDKROOT = iphoneos;
				SWIFT_ACTIVE_COMPILATION_CONDITIONS = DEBUG;
				SWIFT_OPTIMIZATION_LEVEL = "-Onone";
			};
			name = Debug;
		};
		E24B030E1E4C639F00E02901 /* Release */ = {
			isa = XCBuildConfiguration;
			buildSettings = {
				ALWAYS_SEARCH_USER_PATHS = NO;
				CLANG_ANALYZER_NONNULL = YES;
				CLANG_CXX_LANGUAGE_STANDARD = "gnu++0x";
				CLANG_CXX_LIBRARY = "libc++";
				CLANG_ENABLE_MODULES = YES;
				CLANG_ENABLE_OBJC_ARC = YES;
				CLANG_WARN_BOOL_CONVERSION = YES;
				CLANG_WARN_CONSTANT_CONVERSION = YES;
				CLANG_WARN_DIRECT_OBJC_ISA_USAGE = YES_ERROR;
				CLANG_WARN_DOCUMENTATION_COMMENTS = YES;
				CLANG_WARN_EMPTY_BODY = YES;
				CLANG_WARN_ENUM_CONVERSION = YES;
				CLANG_WARN_INFINITE_RECURSION = YES;
				CLANG_WARN_INT_CONVERSION = YES;
				CLANG_WARN_OBJC_ROOT_CLASS = YES_ERROR;
				CLANG_WARN_SUSPICIOUS_MOVE = YES;
				CLANG_WARN_UNREACHABLE_CODE = YES;
				CLANG_WARN__DUPLICATE_METHOD_MATCH = YES;
				"CODE_SIGN_IDENTITY[sdk=iphoneos*]" = "iPhone Developer";
				COPY_PHASE_STRIP = NO;
				DEBUG_INFORMATION_FORMAT = "dwarf-with-dsym";
				ENABLE_NS_ASSERTIONS = NO;
				ENABLE_STRICT_OBJC_MSGSEND = YES;
				GCC_C_LANGUAGE_STANDARD = gnu99;
				GCC_NO_COMMON_BLOCKS = YES;
				GCC_WARN_64_TO_32_BIT_CONVERSION = YES;
				GCC_WARN_ABOUT_RETURN_TYPE = YES_ERROR;
				GCC_WARN_UNDECLARED_SELECTOR = YES;
				GCC_WARN_UNINITIALIZED_AUTOS = YES_AGGRESSIVE;
				GCC_WARN_UNUSED_FUNCTION = YES;
				GCC_WARN_UNUSED_VARIABLE = YES;
				IPHONEOS_DEPLOYMENT_TARGET = 10.2;
				MTL_ENABLE_DEBUG_INFO = NO;
				SDKROOT = iphoneos;
				SWIFT_OPTIMIZATION_LEVEL = "-Owholemodule";
				VALIDATE_PRODUCT = YES;
			};
			name = Release;
		};
		E24B03101E4C639F00E02901 /* Debug */ = {
			isa = XCBuildConfiguration;
			buildSettings = {
				ASSETCATALOG_COMPILER_APPICON_NAME = AppIcon;
				DEVELOPMENT_TEAM = E32U3PTK6L;
				INFOPLIST_FILE = SideMenuAnimation/Info.plist;
				LD_RUNPATH_SEARCH_PATHS = "$(inherited) @executable_path/Frameworks";
				PRODUCT_BUNDLE_IDENTIFIER = com.daisysomus.SideMenuAnimation;
				PRODUCT_NAME = "$(TARGET_NAME)";
				SWIFT_VERSION = 3.0;
			};
			name = Debug;
		};
		E24B03111E4C639F00E02901 /* Release */ = {
			isa = XCBuildConfiguration;
			buildSettings = {
				ASSETCATALOG_COMPILER_APPICON_NAME = AppIcon;
				DEVELOPMENT_TEAM = E32U3PTK6L;
				INFOPLIST_FILE = SideMenuAnimation/Info.plist;
				LD_RUNPATH_SEARCH_PATHS = "$(inherited) @executable_path/Frameworks";
				PRODUCT_BUNDLE_IDENTIFIER = com.daisysomus.SideMenuAnimation;
				PRODUCT_NAME = "$(TARGET_NAME)";
				SWIFT_VERSION = 3.0;
			};
			name = Release;
		};
/* End XCBuildConfiguration section */

/* Begin XCConfigurationList section */
		E24B02F81E4C639F00E02901 /* Build configuration list for PBXProject "SideMenuAnimation" */ = {
			isa = XCConfigurationList;
			buildConfigurations = (
				E24B030D1E4C639F00E02901 /* Debug */,
				E24B030E1E4C639F00E02901 /* Release */,
			);
			defaultConfigurationIsVisible = 0;
			defaultConfigurationName = Release;
		};
		E24B030F1E4C639F00E02901 /* Build configuration list for PBXNativeTarget "SideMenuAnimation" */ = {
			isa = XCConfigurationList;
			buildConfigurations = (
				E24B03101E4C639F00E02901 /* Debug */,
				E24B03111E4C639F00E02901 /* Release */,
			);
			defaultConfigurationIsVisible = 0;
		};
/* End XCConfigurationList section */
	};
	rootObject = E24B02F51E4C639F00E02901 /* Project object */;
}
